// !$*UTF8*$!
{
	archiveVersion = 1;
	classes = {
	};
	objectVersion = 52;
	objects = {

/* Begin PBXBuildFile section */
		971A21AE263FD1FC0080C747 /* ArchiveDocApp.swift in Sources */ = {isa = PBXBuildFile; fileRef = 971A21AD263FD1FC0080C747 /* ArchiveDocApp.swift */; };
		971A21B0263FD1FC0080C747 /* ArchiveDocDocument.swift in Sources */ = {isa = PBXBuildFile; fileRef = 971A21AF263FD1FC0080C747 /* ArchiveDocDocument.swift */; };
		971A21B2263FD1FC0080C747 /* ContentView.swift in Sources */ = {isa = PBXBuildFile; fileRef = 971A21B1263FD1FC0080C747 /* ContentView.swift */; };
		971A21B4263FD1FD0080C747 /* Assets.xcassets in Resources */ = {isa = PBXBuildFile; fileRef = 971A21B3263FD1FD0080C747 /* Assets.xcassets */; };
		971A21B7263FD1FD0080C747 /* Preview Assets.xcassets in Resources */ = {isa = PBXBuildFile; fileRef = 971A21B6263FD1FD0080C747 /* Preview Assets.xcassets */; };
		971A21C1263FD2DD0080C747 /* ZIPFoundation in Frameworks */ = {isa = PBXBuildFile; productRef = 971A21C0263FD2DD0080C747 /* ZIPFoundation */; };
/* End PBXBuildFile section */

/* Begin PBXFileReference section */
		971A21AA263FD1FC0080C747 /* ArchiveDoc.app */ = {isa = PBXFileReference; explicitFileType = wrapper.application; includeInIndex = 0; path = ArchiveDoc.app; sourceTree = BUILT_PRODUCTS_DIR; };
		971A21AD263FD1FC0080C747 /* ArchiveDocApp.swift */ = {isa = PBXFileReference; lastKnownFileType = sourcecode.swift; path = ArchiveDocApp.swift; sourceTree = "<group>"; };
		971A21AF263FD1FC0080C747 /* ArchiveDocDocument.swift */ = {isa = PBXFileReference; lastKnownFileType = sourcecode.swift; path = ArchiveDocDocument.swift; sourceTree = "<group>"; };
		971A21B1263FD1FC0080C747 /* ContentView.swift */ = {isa = PBXFileReference; lastKnownFileType = sourcecode.swift; path = ContentView.swift; sourceTree = "<group>"; };
		971A21B3263FD1FD0080C747 /* Assets.xcassets */ = {isa = PBXFileReference; lastKnownFileType = folder.assetcatalog; path = Assets.xcassets; sourceTree = "<group>"; };
		971A21B6263FD1FD0080C747 /* Preview Assets.xcassets */ = {isa = PBXFileReference; lastKnownFileType = folder.assetcatalog; path = "Preview Assets.xcassets"; sourceTree = "<group>"; };
		971A21B8263FD1FD0080C747 /* Info.plist */ = {isa = PBXFileReference; lastKnownFileType = text.plist.xml; path = Info.plist; sourceTree = "<group>"; };
		971A21B9263FD1FD0080C747 /* ArchiveDoc.entitlements */ = {isa = PBXFileReference; lastKnownFileType = text.plist.entitlements; path = ArchiveDoc.entitlements; sourceTree = "<group>"; };
/* End PBXFileReference section */

/* Begin PBXFrameworksBuildPhase section */
		971A21A7263FD1FC0080C747 /* Frameworks */ = {
			isa = PBXFrameworksBuildPhase;
			buildActionMask = 2147483647;
			files = (
				971A21C1263FD2DD0080C747 /* ZIPFoundation in Frameworks */,
			);
			runOnlyForDeploymentPostprocessing = 0;
		};
/* End PBXFrameworksBuildPhase section */

/* Begin PBXGroup section */
		971A21A1263FD1FC0080C747 = {
			isa = PBXGroup;
			children = (
				971A21AC263FD1FC0080C747 /* ArchiveDoc */,
				971A21AB263FD1FC0080C747 /* Products */,
			);
			sourceTree = "<group>";
		};
		971A21AB263FD1FC0080C747 /* Products */ = {
			isa = PBXGroup;
			children = (
				971A21AA263FD1FC0080C747 /* ArchiveDoc.app */,
			);
			name = Products;
			sourceTree = "<group>";
		};
		971A21AC263FD1FC0080C747 /* ArchiveDoc */ = {
			isa = PBXGroup;
			children = (
				971A21AD263FD1FC0080C747 /* ArchiveDocApp.swift */,
				971A21AF263FD1FC0080C747 /* ArchiveDocDocument.swift */,
				971A21B1263FD1FC0080C747 /* ContentView.swift */,
				971A21B3263FD1FD0080C747 /* Assets.xcassets */,
				971A21B8263FD1FD0080C747 /* Info.plist */,
				971A21B9263FD1FD0080C747 /* ArchiveDoc.entitlements */,
				971A21B5263FD1FD0080C747 /* Preview Content */,
			);
			path = ArchiveDoc;
			sourceTree = "<group>";
		};
		971A21B5263FD1FD0080C747 /* Preview Content */ = {
			isa = PBXGroup;
			children = (
				971A21B6263FD1FD0080C747 /* Preview Assets.xcassets */,
			);
			path = "Preview Content";
			sourceTree = "<group>";
		};
/* End PBXGroup section */

/* Begin PBXNativeTarget section */
		971A21A9263FD1FC0080C747 /* ArchiveDoc */ = {
			isa = PBXNativeTarget;
			buildConfigurationList = 971A21BC263FD1FD0080C747 /* Build configuration list for PBXNativeTarget "ArchiveDoc" */;
			buildPhases = (
				971A21A6263FD1FC0080C747 /* Sources */,
				971A21A7263FD1FC0080C747 /* Frameworks */,
				971A21A8263FD1FC0080C747 /* Resources */,
			);
			buildRules = (
			);
			dependencies = (
			);
			name = ArchiveDoc;
			packageProductDependencies = (
				971A21C0263FD2DD0080C747 /* ZIPFoundation */,
			);
			productName = ArchiveDoc;
			productReference = 971A21AA263FD1FC0080C747 /* ArchiveDoc.app */;
			productType = "com.apple.product-type.application";
		};
/* End PBXNativeTarget section */

/* Begin PBXProject section */
		971A21A2263FD1FC0080C747 /* Project object */ = {
			isa = PBXProject;
			attributes = {
				LastSwiftUpdateCheck = 1250;
				LastUpgradeCheck = 1250;
				TargetAttributes = {
					971A21A9263FD1FC0080C747 = {
						CreatedOnToolsVersion = 12.5;
					};
				};
			};
			buildConfigurationList = 971A21A5263FD1FC0080C747 /* Build configuration list for PBXProject "ArchiveDoc" */;
			compatibilityVersion = "Xcode 9.3";
			developmentRegion = en;
			hasScannedForEncodings = 0;
			knownRegions = (
				en,
				Base,
			);
			mainGroup = 971A21A1263FD1FC0080C747;
			packageReferences = (
				971A21BF263FD2DD0080C747 /* XCRemoteSwiftPackageReference "ZIPFoundation" */,
			);
			productRefGroup = 971A21AB263FD1FC0080C747 /* Products */;
			projectDirPath = "";
			projectRoot = "";
			targets = (
				971A21A9263FD1FC0080C747 /* ArchiveDoc */,
			);
		};
/* End PBXProject section */

/* Begin PBXResourcesBuildPhase section */
		971A21A8263FD1FC0080C747 /* Resources */ = {
			isa = PBXResourcesBuildPhase;
			buildActionMask = 2147483647;
			files = (
				971A21B7263FD1FD0080C747 /* Preview Assets.xcassets in Resources */,
				971A21B4263FD1FD0080C747 /* Assets.xcassets in Resources */,
			);
			runOnlyForDeploymentPostprocessing = 0;
		};
/* End PBXResourcesBuildPhase section */

/* Begin PBXSourcesBuildPhase section */
		971A21A6263FD1FC0080C747 /* Sources */ = {
			isa = PBXSourcesBuildPhase;
			buildActionMask = 2147483647;
			files = (
				971A21B0263FD1FC0080C747 /* ArchiveDocDocument.swift in Sources */,
				971A21AE263FD1FC0080C747 /* ArchiveDocApp.swift in Sources */,
				971A21B2263FD1FC0080C747 /* ContentView.swift in Sources */,
			);
			runOnlyForDeploymentPostprocessing = 0;
		};
/* End PBXSourcesBuildPhase section */

/* Begin XCBuildConfiguration section */
		971A21BA263FD1FD0080C747 /* Debug */ = {
			isa = XCBuildConfiguration;
			buildSettings = {
				ALWAYS_SEARCH_USER_PATHS = NO;
				CLANG_ANALYZER_NONNULL = YES;
				CLANG_ANALYZER_NUMBER_OBJECT_CONVERSION = YES_AGGRESSIVE;
				CLANG_CXX_LANGUAGE_STANDARD = "gnu++14";
				CLANG_CXX_LIBRARY = "libc++";
				CLANG_ENABLE_MODULES = YES;
				CLANG_ENABLE_OBJC_ARC = YES;
				CLANG_ENABLE_OBJC_WEAK = YES;
				CLANG_WARN_BLOCK_CAPTURE_AUTORELEASING = YES;
				CLANG_WARN_BOOL_CONVERSION = YES;
				CLANG_WARN_COMMA = YES;
				CLANG_WARN_CONSTANT_CONVERSION = YES;
				CLANG_WARN_DEPRECATED_OBJC_IMPLEMENTATIONS = YES;
				CLANG_WARN_DIRECT_OBJC_ISA_USAGE = YES_ERROR;
				CLANG_WARN_DOCUMENTATION_COMMENTS = YES;
				CLANG_WARN_EMPTY_BODY = YES;
				CLANG_WARN_ENUM_CONVERSION = YES;
				CLANG_WARN_INFINITE_RECURSION = YES;
				CLANG_WARN_INT_CONVERSION = YES;
				CLANG_WARN_NON_LITERAL_NULL_CONVERSION = YES;
				CLANG_WARN_OBJC_IMPLICIT_RETAIN_SELF = YES;
				CLANG_WARN_OBJC_LITERAL_CONVERSION = YES;
				CLANG_WARN_OBJC_ROOT_CLASS = YES_ERROR;
				CLANG_WARN_QUOTED_INCLUDE_IN_FRAMEWORK_HEADER = YES;
				CLANG_WARN_RANGE_LOOP_ANALYSIS = YES;
				CLANG_WARN_STRICT_PROTOTYPES = YES;
				CLANG_WARN_SUSPICIOUS_MOVE = YES;
				CLANG_WARN_UNGUARDED_AVAILABILITY = YES_AGGRESSIVE;
				CLANG_WARN_UNREACHABLE_CODE = YES;
				CLANG_WARN__DUPLICATE_METHOD_MATCH = YES;
				COPY_PHASE_STRIP = NO;
				DEBUG_INFORMATION_FORMAT = dwarf;
				ENABLE_STRICT_OBJC_MSGSEND = YES;
				ENABLE_TESTABILITY = YES;
				GCC_C_LANGUAGE_STANDARD = gnu11;
				GCC_DYNAMIC_NO_PIC = NO;
				GCC_NO_COMMON_BLOCKS = YES;
				GCC_OPTIMIZATION_LEVEL = 0;
				GCC_PREPROCESSOR_DEFINITIONS = (
					"DEBUG=1",
					"$(inherited)",
				);
				GCC_WARN_64_TO_32_BIT_CONVERSION = YES;
				GCC_WARN_ABOUT_RETURN_TYPE = YES_ERROR;
				GCC_WARN_UNDECLARED_SELECTOR = YES;
				GCC_WARN_UNINITIALIZED_AUTOS = YES_AGGRESSIVE;
				GCC_WARN_UNUSED_FUNCTION = YES;
				GCC_WARN_UNUSED_VARIABLE = YES;
				MACOSX_DEPLOYMENT_TARGET = 11.3;
				MTL_ENABLE_DEBUG_INFO = INCLUDE_SOURCE;
				MTL_FAST_MATH = YES;
				ONLY_ACTIVE_ARCH = YES;
				SDKROOT = macosx;
				SWIFT_ACTIVE_COMPILATION_CONDITIONS = DEBUG;
				SWIFT_OPTIMIZATION_LEVEL = "-Onone";
			};
			name = Debug;
		};
		971A21BB263FD1FD0080C747 /* Release */ = {
			isa = XCBuildConfiguration;
			buildSettings = {
				ALWAYS_SEARCH_USER_PATHS = NO;
				CLANG_ANALYZER_NONNULL = YES;
				CLANG_ANALYZER_NUMBER_OBJECT_CONVERSION = YES_AGGRESSIVE;
				CLANG_CXX_LANGUAGE_STANDARD = "gnu++14";
				CLANG_CXX_LIBRARY = "libc++";
				CLANG_ENABLE_MODULES = YES;
				CLANG_ENABLE_OBJC_ARC = YES;
				CLANG_ENABLE_OBJC_WEAK = YES;
				CLANG_WARN_BLOCK_CAPTURE_AUTORELEASING = YES;
				CLANG_WARN_BOOL_CONVERSION = YES;
				CLANG_WARN_COMMA = YES;
				CLANG_WARN_CONSTANT_CONVERSION = YES;
				CLANG_WARN_DEPRECATED_OBJC_IMPLEMENTATIONS = YES;
				CLANG_WARN_DIRECT_OBJC_ISA_USAGE = YES_ERROR;
				CLANG_WARN_DOCUMENTATION_COMMENTS = YES;
				CLANG_WARN_EMPTY_BODY = YES;
				CLANG_WARN_ENUM_CONVERSION = YES;
				CLANG_WARN_INFINITE_RECURSION = YES;
				CLANG_WARN_INT_CONVERSION = YES;
				CLANG_WARN_NON_LITERAL_NULL_CONVERSION = YES;
				CLANG_WARN_OBJC_IMPLICIT_RETAIN_SELF = YES;
				CLANG_WARN_OBJC_LITERAL_CONVERSION = YES;
				CLANG_WARN_OBJC_ROOT_CLASS = YES_ERROR;
				CLANG_WARN_QUOTED_INCLUDE_IN_FRAMEWORK_HEADER = YES;
				CLANG_WARN_RANGE_LOOP_ANALYSIS = YES;
				CLANG_WARN_STRICT_PROTOTYPES = YES;
				CLANG_WARN_SUSPICIOUS_MOVE = YES;
				CLANG_WARN_UNGUARDED_AVAILABILITY = YES_AGGRESSIVE;
				CLANG_WARN_UNREACHABLE_CODE = YES;
				CLANG_WARN__DUPLICATE_METHOD_MATCH = YES;
				COPY_PHASE_STRIP = NO;
				DEBUG_INFORMATION_FORMAT = "dwarf-with-dsym";
				ENABLE_NS_ASSERTIONS = NO;
				ENABLE_STRICT_OBJC_MSGSEND = YES;
				GCC_C_LANGUAGE_STANDARD = gnu11;
				GCC_NO_COMMON_BLOCKS = YES;
				GCC_WARN_64_TO_32_BIT_CONVERSION = YES;
				GCC_WARN_ABOUT_RETURN_TYPE = YES_ERROR;
				GCC_WARN_UNDECLARED_SELECTOR = YES;
				GCC_WARN_UNINITIALIZED_AUTOS = YES_AGGRESSIVE;
				GCC_WARN_UNUSED_FUNCTION = YES;
				GCC_WARN_UNUSED_VARIABLE = YES;
				MACOSX_DEPLOYMENT_TARGET = 11.3;
				MTL_ENABLE_DEBUG_INFO = NO;
				MTL_FAST_MATH = YES;
				SDKROOT = macosx;
				SWIFT_COMPILATION_MODE = wholemodule;
				SWIFT_OPTIMIZATION_LEVEL = "-O";
			};
			name = Release;
		};
		971A21BD263FD1FD0080C747 /* Debug */ = {
			isa = XCBuildConfiguration;
			buildSettings = {
				ASSETCATALOG_COMPILER_APPICON_NAME = AppIcon;
				ASSETCATALOG_COMPILER_GLOBAL_ACCENT_COLOR_NAME = AccentColor;
				CODE_SIGN_ENTITLEMENTS = ArchiveDoc/ArchiveDoc.entitlements;
				CODE_SIGN_IDENTITY = "Apple Development";
				CODE_SIGN_STYLE = Automatic;
				COMBINE_HIDPI_IMAGES = YES;
				DEVELOPMENT_ASSET_PATHS = "\"ArchiveDoc/Preview Content\"";
				DEVELOPMENT_TEAM = HSN5YPE74R;
				ENABLE_HARDENED_RUNTIME = YES;
				ENABLE_PREVIEWS = YES;
				INFOPLIST_FILE = ArchiveDoc/Info.plist;
				LD_RUNPATH_SEARCH_PATHS = (
					"$(inherited)",
					"@executable_path/../Frameworks",
				);
				MACOSX_DEPLOYMENT_TARGET = 11.0;
				PRODUCT_BUNDLE_IDENTIFIER = com.apple.amp.ArchiveDoc;
				PRODUCT_NAME = "$(TARGET_NAME)";
				SWIFT_VERSION = 5.0;
			};
			name = Debug;
		};
		971A21BE263FD1FD0080C747 /* Release */ = {
			isa = XCBuildConfiguration;
			buildSettings = {
				ASSETCATALOG_COMPILER_APPICON_NAME = AppIcon;
				ASSETCATALOG_COMPILER_GLOBAL_ACCENT_COLOR_NAME = AccentColor;
				CODE_SIGN_ENTITLEMENTS = ArchiveDoc/ArchiveDoc.entitlements;
				CODE_SIGN_IDENTITY = "Apple Development";
				CODE_SIGN_STYLE = Automatic;
				COMBINE_HIDPI_IMAGES = YES;
				DEVELOPMENT_ASSET_PATHS = "\"ArchiveDoc/Preview Content\"";
				DEVELOPMENT_TEAM = HSN5YPE74R;
				ENABLE_HARDENED_RUNTIME = YES;
				ENABLE_PREVIEWS = YES;
				INFOPLIST_FILE = ArchiveDoc/Info.plist;
				LD_RUNPATH_SEARCH_PATHS = (
					"$(inherited)",
					"@executable_path/../Frameworks",
				);
				MACOSX_DEPLOYMENT_TARGET = 11.0;
				PRODUCT_BUNDLE_IDENTIFIER = com.apple.amp.ArchiveDoc;
				PRODUCT_NAME = "$(TARGET_NAME)";
				SWIFT_VERSION = 5.0;
			};
			name = Release;
		};
/* End XCBuildConfiguration section */

/* Begin XCConfigurationList section */
		971A21A5263FD1FC0080C747 /* Build configuration list for PBXProject "ArchiveDoc" */ = {
			isa = XCConfigurationList;
			buildConfigurations = (
				971A21BA263FD1FD0080C747 /* Debug */,
				971A21BB263FD1FD0080C747 /* Release */,
			);
			defaultConfigurationIsVisible = 0;
			defaultConfigurationName = Release;
		};
		971A21BC263FD1FD0080C747 /* Build configuration list for PBXNativeTarget "ArchiveDoc" */ = {
			isa = XCConfigurationList;
			buildConfigurations = (
				971A21BD263FD1FD0080C747 /* Debug */,
				971A21BE263FD1FD0080C747 /* Release */,
			);
			defaultConfigurationIsVisible = 0;
			defaultConfigurationName = Release;
		};
/* End XCConfigurationList section */

/* Begin XCRemoteSwiftPackageReference section */
		971A21BF263FD2DD0080C747 /* XCRemoteSwiftPackageReference "ZIPFoundation" */ = {
			isa = XCRemoteSwiftPackageReference;
			repositoryURL = "https://github.com/weichsel/ZIPFoundation.git";
			requirement = {
				kind = upToNextMajorVersion;
				minimumVersion = 0.9.12;
			};
		};
/* End XCRemoteSwiftPackageReference section */

/* Begin XCSwiftPackageProductDependency section */
		971A21C0263FD2DD0080C747 /* ZIPFoundation */ = {
			isa = XCSwiftPackageProductDependency;
			package = 971A21BF263FD2DD0080C747 /* XCRemoteSwiftPackageReference "ZIPFoundation" */;
			productName = ZIPFoundation;
		};
/* End XCSwiftPackageProductDependency section */
	};
	rootObject = 971A21A2263FD1FC0080C747 /* Project object */;
}
